
Microsoft Visual Studio Solution File, Format Version 12.00
# Visual Studio Version 16
VisualStudioVersion = 16.0.29709.97
MinimumVisualStudioVersion = 10.0.40219.1
Project("{FAE04EC0-301F-11D3-BF4B-00C04F79EFBC}") = "SimpleDrawing", "SimpleDrawing\SimpleDrawing.csproj", "{A8913C98-50E5-4DA4-B4A8-A09A1D00B14A}"
EndProject
Global
	GlobalSection(SolutionConfigurationPlatforms) = preSolution
		Debug|Any CPU = Debug|Any CPU
		Release|Any CPU = Release|Any CPU
	EndGlobalSection
	GlobalSection(ProjectConfigurationPlatforms) = postSolution
		{A8913C98-50E5-4DA4-B4A8-A09A1D00B14A}.Debug|Any CPU.ActiveCfg = Debug|Any CPU
		{A8913C98-50E5-4DA4-B4A8-A09A1D00B14A}.Debug|Any CPU.Build.0 = Debug|Any CPU
		{A8913C98-50E5-4DA4-B4A8-A09A1D00B14A}.Release|Any CPU.ActiveCfg = Release|Any CPU
		{A8913C98-50E5-4DA4-B4A8-A09A1D00B14A}.Release|Any CPU.Build.0 = Release|Any CPU
	EndGlobalSection
	GlobalSection(SolutionProperties) = preSolution
		HideSolutionNode = FALSE
	EndGlobalSection
	GlobalSection(ExtensibilityGlobals) = postSolution
		SolutionGuid = {CC6341B1-0BA7-4532-985A-E930D15F5E2F}
	EndGlobalSection
EndGlobal
